
Microsoft Visual Studio Solution File, Format Version 12.00
# Visual Studio Version 16
VisualStudioVersion = 16.0.31702.278
MinimumVisualStudioVersion = 10.0.40219.1
Project("{8BC9CEB8-8B4A-11D0-8D11-00A0C91BC942}") = "SandBox", "SandBox\SandBox.vcxproj", "{537F0F1D-6D3F-47FC-AC5B-38DA2C85F428}"
EndProject
Project("{8BC9CEB8-8B4A-11D0-8D11-00A0C91BC942}") = "Hazel", "Hazel\Hazel.vcxproj", "{8027C163-5403-4C4E-80D1-21F7A14914A4}"
EndProject
Global
	GlobalSection(SolutionConfigurationPlatforms) = preSolution
		Debug|x64 = Debug|x64
		Release|x64 = Release|x64
	EndGlobalSection
	GlobalSection(ProjectConfigurationPlatforms) = postSolution
		{8027C163-5403-4C4E-80D1-21F7A14914A4}.Debug|x64.ActiveCfg = Debug|x64
		{8027C163-5403-4C4E-80D1-21F7A14914A4}.Debug|x64.Build.0 = Debug|x64
		{8027C163-5403-4C4E-80D1-21F7A14914A4}.Release|x64.ActiveCfg = Release|x64
		{8027C163-5403-4C4E-80D1-21F7A14914A4}.Release|x64.Build.0 = Release|x64
		{537F0F1D-6D3F-47FC-AC5B-38DA2C85F428}.Debug|x64.ActiveCfg = Debug|x64
		{537F0F1D-6D3F-47FC-AC5B-38DA2C85F428}.Debug|x64.Build.0 = Debug|x64
		{537F0F1D-6D3F-47FC-AC5B-38DA2C85F428}.Release|x64.ActiveCfg = Release|x64
		{537F0F1D-6D3F-47FC-AC5B-38DA2C85F428}.Release|x64.Build.0 = Release|x64
	EndGlobalSection
	GlobalSection(SolutionProperties) = preSolution
		HideSolutionNode = FALSE
	EndGlobalSection
	GlobalSection(ExtensibilityGlobals) = postSolution
		SolutionGuid = {039183B2-6DFE-4729-A05B-19B11B80BFE6}
	EndGlobalSection
EndGlobal
